
Microsoft Visual Studio Solution File, Format Version 12.00
# Visual Studio Version 17
VisualStudioVersion = 17.5.33627.172
MinimumVisualStudioVersion = 10.0.40219.1
Project("{FAE04EC0-301F-11D3-BF4B-00C04F79EFBC}") = "GameServer", "GameServer\GameServer.csproj", "{61218F9C-2EDF-4744-90AD-3415C90E954E}"
EndProject
Global
	GlobalSection(SolutionConfigurationPlatforms) = preSolution
		Debug|Any CPU = Debug|Any CPU
		Release|Any CPU = Release|Any CPU
	EndGlobalSection
	GlobalSection(ProjectConfigurationPlatforms) = postSolution
		{61218F9C-2EDF-4744-90AD-3415C90E954E}.Debug|Any CPU.ActiveCfg = Debug|Any CPU
		{61218F9C-2EDF-4744-90AD-3415C90E954E}.Debug|Any CPU.Build.0 = Debug|Any CPU
		{61218F9C-2EDF-4744-90AD-3415C90E954E}.Release|Any CPU.ActiveCfg = Release|Any CPU
		{61218F9C-2EDF-4744-90AD-3415C90E954E}.Release|Any CPU.Build.0 = Release|Any CPU
	EndGlobalSection
	GlobalSection(SolutionProperties) = preSolution
		HideSolutionNode = FALSE
	EndGlobalSection
	GlobalSection(ExtensibilityGlobals) = postSolution
		SolutionGuid = {B6EA00CF-1E03-456A-A0CD-E2A557265447}
	EndGlobalSection
EndGlobal
