
Microsoft Visual Studio Solution File, Format Version 12.00
# Visual Studio Version 17
VisualStudioVersion = 17.5.33627.172
MinimumVisualStudioVersion = 10.0.40219.1
Project("{FAE04EC0-301F-11D3-BF4B-00C04F79EFBC}") = "GameClient", "GameClient\GameClient.csproj", "{11B04F54-5A69-4FF5-939B-0DDB7A15CFD6}"
EndProject
Global
	GlobalSection(SolutionConfigurationPlatforms) = preSolution
		Debug|Any CPU = Debug|Any CPU
		Release|Any CPU = Release|Any CPU
	EndGlobalSection
	GlobalSection(ProjectConfigurationPlatforms) = postSolution
		{11B04F54-5A69-4FF5-939B-0DDB7A15CFD6}.Debug|Any CPU.ActiveCfg = Debug|Any CPU
		{11B04F54-5A69-4FF5-939B-0DDB7A15CFD6}.Debug|Any CPU.Build.0 = Debug|Any CPU
		{11B04F54-5A69-4FF5-939B-0DDB7A15CFD6}.Release|Any CPU.ActiveCfg = Release|Any CPU
		{11B04F54-5A69-4FF5-939B-0DDB7A15CFD6}.Release|Any CPU.Build.0 = Release|Any CPU
	EndGlobalSection
	GlobalSection(SolutionProperties) = preSolution
		HideSolutionNode = FALSE
	EndGlobalSection
	GlobalSection(ExtensibilityGlobals) = postSolution
		SolutionGuid = {9978B165-0D11-4508-9A93-BB62874B6820}
	EndGlobalSection
EndGlobal
